
Microsoft Visual Studio Solution File, Format Version 12.00
# Visual Studio 2013
VisualStudioVersion = 12.0.40629.0
MinimumVisualStudioVersion = 10.0.40219.1
Project("{2150E333-8FDC-42A3-9474-1A3956D46DE8}") = "Entities", "Entities", "{BFF8228A-5150-4550-B414-CD5A2417B2E2}"
EndProject
Project("{2150E333-8FDC-42A3-9474-1A3956D46DE8}") = "DAL", "DAL", "{D4E1C3F6-F89D-4A5F-8485-97702A0FF745}"
EndProject
Project("{2150E333-8FDC-42A3-9474-1A3956D46DE8}") = "BLL", "BLL", "{AB22CB0A-9D2E-4868-8096-DC9AC6E14839}"
EndProject
Project("{2150E333-8FDC-42A3-9474-1A3956D46DE8}") = "PL", "PL", "{FB9119E1-B08E-4C5F-9E64-52D8A3FA17CF}"
EndProject
Project("{FAE04EC0-301F-11D3-BF4B-00C04F79EFBC}") = "KnowSysTest.DAL.Abstract", "KnowSysTest.DAL.Abstract\KnowSysTest.DAL.Abstract.csproj", "{BBBCCFE6-2E69-4C19-A91F-2E3E971D27A1}"
EndProject
Project("{FAE04EC0-301F-11D3-BF4B-00C04F79EFBC}") = "KnowSysTest.DAL.Db", "KnowSysTest.DAL.Db\KnowSysTest.DAL.Db.csproj", "{DBA8DBA0-9858-4A71-8330-4185C1F2743E}"
EndProject
Project("{FAE04EC0-301F-11D3-BF4B-00C04F79EFBC}") = "KnowSysTest.BLL.Abstract", "KnowSysTest.BLL.Abstract\KnowSysTest.BLL.Abstract.csproj", "{486D09A6-EE97-424F-B2DE-CD4A1147BA2E}"
EndProject
Project("{FAE04EC0-301F-11D3-BF4B-00C04F79EFBC}") = "KnowSysTest.BLL.Logic", "KnowSysTest.BLL.Logic\KnowSysTest.BLL.Logic.csproj", "{B6010C74-DF14-47DD-90DB-A019A97A2DD4}"
EndProject
Project("{FAE04EC0-301F-11D3-BF4B-00C04F79EFBC}") = "KnowSysTest.Entities", "KnowSysTest.Entities\KnowSysTest.Entities.csproj", "{D4474DE9-DABA-49D7-B087-9B5476698713}"
EndProject
Project("{FAE04EC0-301F-11D3-BF4B-00C04F79EFBC}") = "KnowSysTest.DI.Providers", "KnowSysTest.DI.Providers\KnowSysTest.DI.Providers.csproj", "{0E08D002-B9DE-4649-8FFE-269CF177C2C0}"
EndProject
Project("{FAE04EC0-301F-11D3-BF4B-00C04F79EFBC}") = "KnowSysTest.PL.WebUI", "KnowSysTest.PL.WebUI\KnowSysTest.PL.WebUI.csproj", "{671C7A43-09AA-4568-A08F-C519AAA7B4F0}"
EndProject
Project("{2150E333-8FDC-42A3-9474-1A3956D46DE8}") = "Common", "Common", "{2C5BD22A-F8D8-47C9-AEE7-D3579396F222}"
EndProject
Project("{FAE04EC0-301F-11D3-BF4B-00C04F79EFBC}") = "KnowSysTest.Common", "KnowSysTest.Common\KnowSysTest.Common.csproj", "{5B698C1C-19B2-4B9E-931B-3DFAA1D957C7}"
EndProject
Global
	GlobalSection(SolutionConfigurationPlatforms) = preSolution
		Debug|Any CPU = Debug|Any CPU
		Release|Any CPU = Release|Any CPU
	EndGlobalSection
	GlobalSection(ProjectConfigurationPlatforms) = postSolution
		{BBBCCFE6-2E69-4C19-A91F-2E3E971D27A1}.Debug|Any CPU.ActiveCfg = Debug|Any CPU
		{BBBCCFE6-2E69-4C19-A91F-2E3E971D27A1}.Debug|Any CPU.Build.0 = Debug|Any CPU
		{BBBCCFE6-2E69-4C19-A91F-2E3E971D27A1}.Release|Any CPU.ActiveCfg = Release|Any CPU
		{BBBCCFE6-2E69-4C19-A91F-2E3E971D27A1}.Release|Any CPU.Build.0 = Release|Any CPU
		{DBA8DBA0-9858-4A71-8330-4185C1F2743E}.Debug|Any CPU.ActiveCfg = Debug|Any CPU
		{DBA8DBA0-9858-4A71-8330-4185C1F2743E}.Debug|Any CPU.Build.0 = Debug|Any CPU
		{DBA8DBA0-9858-4A71-8330-4185C1F2743E}.Release|Any CPU.ActiveCfg = Release|Any CPU
		{DBA8DBA0-9858-4A71-8330-4185C1F2743E}.Release|Any CPU.Build.0 = Release|Any CPU
		{486D09A6-EE97-424F-B2DE-CD4A1147BA2E}.Debug|Any CPU.ActiveCfg = Debug|Any CPU
		{486D09A6-EE97-424F-B2DE-CD4A1147BA2E}.Debug|Any CPU.Build.0 = Debug|Any CPU
		{486D09A6-EE97-424F-B2DE-CD4A1147BA2E}.Release|Any CPU.ActiveCfg = Release|Any CPU
		{486D09A6-EE97-424F-B2DE-CD4A1147BA2E}.Release|Any CPU.Build.0 = Release|Any CPU
		{B6010C74-DF14-47DD-90DB-A019A97A2DD4}.Debug|Any CPU.ActiveCfg = Debug|Any CPU
		{B6010C74-DF14-47DD-90DB-A019A97A2DD4}.Debug|Any CPU.Build.0 = Debug|Any CPU
		{B6010C74-DF14-47DD-90DB-A019A97A2DD4}.Release|Any CPU.ActiveCfg = Release|Any CPU
		{B6010C74-DF14-47DD-90DB-A019A97A2DD4}.Release|Any CPU.Build.0 = Release|Any CPU
		{D4474DE9-DABA-49D7-B087-9B5476698713}.Debug|Any CPU.ActiveCfg = Debug|Any CPU
		{D4474DE9-DABA-49D7-B087-9B5476698713}.Debug|Any CPU.Build.0 = Debug|Any CPU
		{D4474DE9-DABA-49D7-B087-9B5476698713}.Release|Any CPU.ActiveCfg = Release|Any CPU
		{D4474DE9-DABA-49D7-B087-9B5476698713}.Release|Any CPU.Build.0 = Release|Any CPU
		{0E08D002-B9DE-4649-8FFE-269CF177C2C0}.Debug|Any CPU.ActiveCfg = Debug|Any CPU
		{0E08D002-B9DE-4649-8FFE-269CF177C2C0}.Debug|Any CPU.Build.0 = Debug|Any CPU
		{0E08D002-B9DE-4649-8FFE-269CF177C2C0}.Release|Any CPU.ActiveCfg = Release|Any CPU
		{0E08D002-B9DE-4649-8FFE-269CF177C2C0}.Release|Any CPU.Build.0 = Release|Any CPU
		{671C7A43-09AA-4568-A08F-C519AAA7B4F0}.Debug|Any CPU.ActiveCfg = Debug|Any CPU
		{671C7A43-09AA-4568-A08F-C519AAA7B4F0}.Debug|Any CPU.Build.0 = Debug|Any CPU
		{671C7A43-09AA-4568-A08F-C519AAA7B4F0}.Release|Any CPU.ActiveCfg = Release|Any CPU
		{671C7A43-09AA-4568-A08F-C519AAA7B4F0}.Release|Any CPU.Build.0 = Release|Any CPU
		{5B698C1C-19B2-4B9E-931B-3DFAA1D957C7}.Debug|Any CPU.ActiveCfg = Debug|Any CPU
		{5B698C1C-19B2-4B9E-931B-3DFAA1D957C7}.Debug|Any CPU.Build.0 = Debug|Any CPU
		{5B698C1C-19B2-4B9E-931B-3DFAA1D957C7}.Release|Any CPU.ActiveCfg = Release|Any CPU
		{5B698C1C-19B2-4B9E-931B-3DFAA1D957C7}.Release|Any CPU.Build.0 = Release|Any CPU
	EndGlobalSection
	GlobalSection(SolutionProperties) = preSolution
		HideSolutionNode = FALSE
	EndGlobalSection
	GlobalSection(NestedProjects) = preSolution
		{BBBCCFE6-2E69-4C19-A91F-2E3E971D27A1} = {D4E1C3F6-F89D-4A5F-8485-97702A0FF745}
		{DBA8DBA0-9858-4A71-8330-4185C1F2743E} = {D4E1C3F6-F89D-4A5F-8485-97702A0FF745}
		{486D09A6-EE97-424F-B2DE-CD4A1147BA2E} = {AB22CB0A-9D2E-4868-8096-DC9AC6E14839}
		{B6010C74-DF14-47DD-90DB-A019A97A2DD4} = {AB22CB0A-9D2E-4868-8096-DC9AC6E14839}
		{D4474DE9-DABA-49D7-B087-9B5476698713} = {BFF8228A-5150-4550-B414-CD5A2417B2E2}
		{671C7A43-09AA-4568-A08F-C519AAA7B4F0} = {FB9119E1-B08E-4C5F-9E64-52D8A3FA17CF}
		{5B698C1C-19B2-4B9E-931B-3DFAA1D957C7} = {2C5BD22A-F8D8-47C9-AEE7-D3579396F222}
	EndGlobalSection
EndGlobal
